// !$*UTF8*$!
{
	archiveVersion = 1;
	classes = {
	};
	objectVersion = 46;
	objects = {

/* Begin PBXBuildFile section */
		A9EC49661AC1C61400229EA7 /* main.m in Sources */ = {isa = PBXBuildFile; fileRef = A9EC49651AC1C61400229EA7 /* main.m */; };
		A9EC49691AC1C61400229EA7 /* AppDelegate.m in Sources */ = {isa = PBXBuildFile; fileRef = A9EC49681AC1C61400229EA7 /* AppDelegate.m */; };
		A9EC496C1AC1C61400229EA7 /* agroCentro.xcdatamodeld in Sources */ = {isa = PBXBuildFile; fileRef = A9EC496A1AC1C61400229EA7 /* agroCentro.xcdatamodeld */; };
		A9EC496F1AC1C61400229EA7 /* ViewController.m in Sources */ = {isa = PBXBuildFile; fileRef = A9EC496E1AC1C61400229EA7 /* ViewController.m */; };
		A9EC49721AC1C61400229EA7 /* Main.storyboard in Resources */ = {isa = PBXBuildFile; fileRef = A9EC49701AC1C61400229EA7 /* Main.storyboard */; };
		A9EC49741AC1C61400229EA7 /* Images.xcassets in Resources */ = {isa = PBXBuildFile; fileRef = A9EC49731AC1C61400229EA7 /* Images.xcassets */; };
		A9EC49771AC1C61400229EA7 /* LaunchScreen.xib in Resources */ = {isa = PBXBuildFile; fileRef = A9EC49751AC1C61400229EA7 /* LaunchScreen.xib */; };
		A9EC49831AC1C61400229EA7 /* agroCentroTests.m in Sources */ = {isa = PBXBuildFile; fileRef = A9EC49821AC1C61400229EA7 /* agroCentroTests.m */; };
/* End PBXBuildFile section */

/* Begin PBXContainerItemProxy section */
		A9EC497D1AC1C61400229EA7 /* PBXContainerItemProxy */ = {
			isa = PBXContainerItemProxy;
			containerPortal = A9EC49581AC1C61400229EA7 /* Project object */;
			proxyType = 1;
			remoteGlobalIDString = A9EC495F1AC1C61400229EA7;
			remoteInfo = agroCentro;
		};
/* End PBXContainerItemProxy section */

/* Begin PBXFileReference section */
		A9EC49601AC1C61400229EA7 /* agroCentro.app */ = {isa = PBXFileReference; explicitFileType = wrapper.application; includeInIndex = 0; path = agroCentro.app; sourceTree = BUILT_PRODUCTS_DIR; };
		A9EC49641AC1C61400229EA7 /* Info.plist */ = {isa = PBXFileReference; lastKnownFileType = text.plist.xml; path = Info.plist; sourceTree = "<group>"; };
		A9EC49651AC1C61400229EA7 /* main.m */ = {isa = PBXFileReference; lastKnownFileType = sourcecode.c.objc; path = main.m; sourceTree = "<group>"; };
		A9EC49671AC1C61400229EA7 /* AppDelegate.h */ = {isa = PBXFileReference; lastKnownFileType = sourcecode.c.h; path = AppDelegate.h; sourceTree = "<group>"; };
		A9EC49681AC1C61400229EA7 /* AppDelegate.m */ = {isa = PBXFileReference; lastKnownFileType = sourcecode.c.objc; path = AppDelegate.m; sourceTree = "<group>"; };
		A9EC496B1AC1C61400229EA7 /* agroCentro.xcdatamodel */ = {isa = PBXFileReference; lastKnownFileType = wrapper.xcdatamodel; path = agroCentro.xcdatamodel; sourceTree = "<group>"; };
		A9EC496D1AC1C61400229EA7 /* ViewController.h */ = {isa = PBXFileReference; lastKnownFileType = sourcecode.c.h; path = ViewController.h; sourceTree = "<group>"; };
		A9EC496E1AC1C61400229EA7 /* ViewController.m */ = {isa = PBXFileReference; lastKnownFileType = sourcecode.c.objc; path = ViewController.m; sourceTree = "<group>"; };
		A9EC49711AC1C61400229EA7 /* Base */ = {isa = PBXFileReference; lastKnownFileType = file.storyboard; name = Base; path = Base.lproj/Main.storyboard; sourceTree = "<group>"; };
		A9EC49731AC1C61400229EA7 /* Images.xcassets */ = {isa = PBXFileReference; lastKnownFileType = folder.assetcatalog; path = Images.xcassets; sourceTree = "<group>"; };
		A9EC49761AC1C61400229EA7 /* Base */ = {isa = PBXFileReference; lastKnownFileType = file.xib; name = Base; path = Base.lproj/LaunchScreen.xib; sourceTree = "<group>"; };
		A9EC497C1AC1C61400229EA7 /* agroCentroTests.xctest */ = {isa = PBXFileReference; explicitFileType = wrapper.cfbundle; includeInIndex = 0; path = agroCentroTests.xctest; sourceTree = BUILT_PRODUCTS_DIR; };
		A9EC49811AC1C61400229EA7 /* Info.plist */ = {isa = PBXFileReference; lastKnownFileType = text.plist.xml; path = Info.plist; sourceTree = "<group>"; };
		A9EC49821AC1C61400229EA7 /* agroCentroTests.m */ = {isa = PBXFileReference; lastKnownFileType = sourcecode.c.objc; path = agroCentroTests.m; sourceTree = "<group>"; };
/* End PBXFileReference section */

/* Begin PBXFrameworksBuildPhase section */
		A9EC495D1AC1C61400229EA7 /* Frameworks */ = {
			isa = PBXFrameworksBuildPhase;
			buildActionMask = 2147483647;
			files = (
			);
			runOnlyForDeploymentPostprocessing = 0;
		};
		A9EC49791AC1C61400229EA7 /* Frameworks */ = {
			isa = PBXFrameworksBuildPhase;
			buildActionMask = 2147483647;
			files = (
			);
			runOnlyForDeploymentPostprocessing = 0;
		};
/* End PBXFrameworksBuildPhase section */

/* Begin PBXGroup section */
		A9EC49571AC1C61400229EA7 = {
			isa = PBXGroup;
			children = (
				A9EC49621AC1C61400229EA7 /* agroCentro */,
				A9EC497F1AC1C61400229EA7 /* agroCentroTests */,
				A9EC49611AC1C61400229EA7 /* Products */,
			);
			sourceTree = "<group>";
		};
		A9EC49611AC1C61400229EA7 /* Products */ = {
			isa = PBXGroup;
			children = (
				A9EC49601AC1C61400229EA7 /* agroCentro.app */,
				A9EC497C1AC1C61400229EA7 /* agroCentroTests.xctest */,
			);
			name = Products;
			sourceTree = "<group>";
		};
		A9EC49621AC1C61400229EA7 /* agroCentro */ = {
			isa = PBXGroup;
			children = (
				A9EC49671AC1C61400229EA7 /* AppDelegate.h */,
				A9EC49681AC1C61400229EA7 /* AppDelegate.m */,
				A9EC496D1AC1C61400229EA7 /* ViewController.h */,
				A9EC496E1AC1C61400229EA7 /* ViewController.m */,
				A9EC49701AC1C61400229EA7 /* Main.storyboard */,
				A9EC49731AC1C61400229EA7 /* Images.xcassets */,
				A9EC49751AC1C61400229EA7 /* LaunchScreen.xib */,
				A9EC496A1AC1C61400229EA7 /* agroCentro.xcdatamodeld */,
				A9EC49631AC1C61400229EA7 /* Supporting Files */,
			);
			path = agroCentro;
			sourceTree = "<group>";
		};
		A9EC49631AC1C61400229EA7 /* Supporting Files */ = {
			isa = PBXGroup;
			children = (
				A9EC49641AC1C61400229EA7 /* Info.plist */,
				A9EC49651AC1C61400229EA7 /* main.m */,
			);
			name = "Supporting Files";
			sourceTree = "<group>";
		};
		A9EC497F1AC1C61400229EA7 /* agroCentroTests */ = {
			isa = PBXGroup;
			children = (
				A9EC49821AC1C61400229EA7 /* agroCentroTests.m */,
				A9EC49801AC1C61400229EA7 /* Supporting Files */,
			);
			path = agroCentroTests;
			sourceTree = "<group>";
		};
		A9EC49801AC1C61400229EA7 /* Supporting Files */ = {
			isa = PBXGroup;
			children = (
				A9EC49811AC1C61400229EA7 /* Info.plist */,
			);
			name = "Supporting Files";
			sourceTree = "<group>";
		};
/* End PBXGroup section */

/* Begin PBXNativeTarget section */
		A9EC495F1AC1C61400229EA7 /* agroCentro */ = {
			isa = PBXNativeTarget;
			buildConfigurationList = A9EC49861AC1C61400229EA7 /* Build configuration list for PBXNativeTarget "agroCentro" */;
			buildPhases = (
				A9EC495C1AC1C61400229EA7 /* Sources */,
				A9EC495D1AC1C61400229EA7 /* Frameworks */,
				A9EC495E1AC1C61400229EA7 /* Resources */,
			);
			buildRules = (
			);
			dependencies = (
			);
			name = agroCentro;
			productName = agroCentro;
			productReference = A9EC49601AC1C61400229EA7 /* agroCentro.app */;
			productType = "com.apple.product-type.application";
		};
		A9EC497B1AC1C61400229EA7 /* agroCentroTests */ = {
			isa = PBXNativeTarget;
			buildConfigurationList = A9EC49891AC1C61400229EA7 /* Build configuration list for PBXNativeTarget "agroCentroTests" */;
			buildPhases = (
				A9EC49781AC1C61400229EA7 /* Sources */,
				A9EC49791AC1C61400229EA7 /* Frameworks */,
				A9EC497A1AC1C61400229EA7 /* Resources */,
			);
			buildRules = (
			);
			dependencies = (
				A9EC497E1AC1C61400229EA7 /* PBXTargetDependency */,
			);
			name = agroCentroTests;
			productName = agroCentroTests;
			productReference = A9EC497C1AC1C61400229EA7 /* agroCentroTests.xctest */;
			productType = "com.apple.product-type.bundle.unit-test";
		};
/* End PBXNativeTarget section */

/* Begin PBXProject section */
		A9EC49581AC1C61400229EA7 /* Project object */ = {
			isa = PBXProject;
			attributes = {
				LastUpgradeCheck = 0610;
				ORGANIZATIONNAME = "Renato Ioshida";
				TargetAttributes = {
					A9EC495F1AC1C61400229EA7 = {
						CreatedOnToolsVersion = 6.1.1;
					};
					A9EC497B1AC1C61400229EA7 = {
						CreatedOnToolsVersion = 6.1.1;
						TestTargetID = A9EC495F1AC1C61400229EA7;
					};
				};
			};
			buildConfigurationList = A9EC495B1AC1C61400229EA7 /* Build configuration list for PBXProject "agroCentro" */;
			compatibilityVersion = "Xcode 3.2";
			developmentRegion = English;
			hasScannedForEncodings = 0;
			knownRegions = (
				en,
				Base,
			);
			mainGroup = A9EC49571AC1C61400229EA7;
			productRefGroup = A9EC49611AC1C61400229EA7 /* Products */;
			projectDirPath = "";
			projectRoot = "";
			targets = (
				A9EC495F1AC1C61400229EA7 /* agroCentro */,
				A9EC497B1AC1C61400229EA7 /* agroCentroTests */,
			);
		};
/* End PBXProject section */

/* Begin PBXResourcesBuildPhase section */
		A9EC495E1AC1C61400229EA7 /* Resources */ = {
			isa = PBXResourcesBuildPhase;
			buildActionMask = 2147483647;
			files = (
				A9EC49721AC1C61400229EA7 /* Main.storyboard in Resources */,
				A9EC49771AC1C61400229EA7 /* LaunchScreen.xib in Resources */,
				A9EC49741AC1C61400229EA7 /* Images.xcassets in Resources */,
			);
			runOnlyForDeploymentPostprocessing = 0;
		};
		A9EC497A1AC1C61400229EA7 /* Resources */ = {
			isa = PBXResourcesBuildPhase;
			buildActionMask = 2147483647;
			files = (
			);
			runOnlyForDeploymentPostprocessing = 0;
		};
/* End PBXResourcesBuildPhase section */

/* Begin PBXSourcesBuildPhase section */
		A9EC495C1AC1C61400229EA7 /* Sources */ = {
			isa = PBXSourcesBuildPhase;
			buildActionMask = 2147483647;
			files = (
				A9EC49691AC1C61400229EA7 /* AppDelegate.m in Sources */,
				A9EC496C1AC1C61400229EA7 /* agroCentro.xcdatamodeld in Sources */,
				A9EC496F1AC1C61400229EA7 /* ViewController.m in Sources */,
				A9EC49661AC1C61400229EA7 /* main.m in Sources */,
			);
			runOnlyForDeploymentPostprocessing = 0;
		};
		A9EC49781AC1C61400229EA7 /* Sources */ = {
			isa = PBXSourcesBuildPhase;
			buildActionMask = 2147483647;
			files = (
				A9EC49831AC1C61400229EA7 /* agroCentroTests.m in Sources */,
			);
			runOnlyForDeploymentPostprocessing = 0;
		};
/* End PBXSourcesBuildPhase section */

/* Begin PBXTargetDependency section */
		A9EC497E1AC1C61400229EA7 /* PBXTargetDependency */ = {
			isa = PBXTargetDependency;
			target = A9EC495F1AC1C61400229EA7 /* agroCentro */;
			targetProxy = A9EC497D1AC1C61400229EA7 /* PBXContainerItemProxy */;
		};
/* End PBXTargetDependency section */

/* Begin PBXVariantGroup section */
		A9EC49701AC1C61400229EA7 /* Main.storyboard */ = {
			isa = PBXVariantGroup;
			children = (
				A9EC49711AC1C61400229EA7 /* Base */,
			);
			name = Main.storyboard;
			sourceTree = "<group>";
		};
		A9EC49751AC1C61400229EA7 /* LaunchScreen.xib */ = {
			isa = PBXVariantGroup;
			children = (
				A9EC49761AC1C61400229EA7 /* Base */,
			);
			name = LaunchScreen.xib;
			sourceTree = "<group>";
		};
/* End PBXVariantGroup section */

/* Begin XCBuildConfiguration section */
		A9EC49841AC1C61400229EA7 /* Debug */ = {
			isa = XCBuildConfiguration;
			buildSettings = {
				ALWAYS_SEARCH_USER_PATHS = NO;
				CLANG_CXX_LANGUAGE_STANDARD = "gnu++0x";
				CLANG_CXX_LIBRARY = "libc++";
				CLANG_ENABLE_MODULES = YES;
				CLANG_ENABLE_OBJC_ARC = YES;
				CLANG_WARN_BOOL_CONVERSION = YES;
				CLANG_WARN_CONSTANT_CONVERSION = YES;
				CLANG_WARN_DIRECT_OBJC_ISA_USAGE = YES_ERROR;
				CLANG_WARN_EMPTY_BODY = YES;
				CLANG_WARN_ENUM_CONVERSION = YES;
				CLANG_WARN_INT_CONVERSION = YES;
				CLANG_WARN_OBJC_ROOT_CLASS = YES_ERROR;
				CLANG_WARN_UNREACHABLE_CODE = YES;
				CLANG_WARN__DUPLICATE_METHOD_MATCH = YES;
				"CODE_SIGN_IDENTITY[sdk=iphoneos*]" = "iPhone Developer";
				COPY_PHASE_STRIP = NO;
				ENABLE_STRICT_OBJC_MSGSEND = YES;
				GCC_C_LANGUAGE_STANDARD = gnu99;
				GCC_DYNAMIC_NO_PIC = NO;
				GCC_OPTIMIZATION_LEVEL = 0;
				GCC_PREPROCESSOR_DEFINITIONS = (
					"DEBUG=1",
					"$(inherited)",
				);
				GCC_SYMBOLS_PRIVATE_EXTERN = NO;
				GCC_WARN_64_TO_32_BIT_CONVERSION = YES;
				GCC_WARN_ABOUT_RETURN_TYPE = YES_ERROR;
				GCC_WARN_UNDECLARED_SELECTOR = YES;
				GCC_WARN_UNINITIALIZED_AUTOS = YES_AGGRESSIVE;
				GCC_WARN_UNUSED_FUNCTION = YES;
				GCC_WARN_UNUSED_VARIABLE = YES;
				IPHONEOS_DEPLOYMENT_TARGET = 8.1;
				MTL_ENABLE_DEBUG_INFO = YES;
				ONLY_ACTIVE_ARCH = YES;
				SDKROOT = iphoneos;
			};
			name = Debug;
		};
		A9EC49851AC1C61400229EA7 /* Release */ = {
			isa = XCBuildConfiguration;
			buildSettings = {
				ALWAYS_SEARCH_USER_PATHS = NO;
				CLANG_CXX_LANGUAGE_STANDARD = "gnu++0x";
				CLANG_CXX_LIBRARY = "libc++";
				CLANG_ENABLE_MODULES = YES;
				CLANG_ENABLE_OBJC_ARC = YES;
				CLANG_WARN_BOOL_CONVERSION = YES;
				CLANG_WARN_CONSTANT_CONVERSION = YES;
				CLANG_WARN_DIRECT_OBJC_ISA_USAGE = YES_ERROR;
				CLANG_WARN_EMPTY_BODY = YES;
				CLANG_WARN_ENUM_CONVERSION = YES;
				CLANG_WARN_INT_CONVERSION = YES;
				CLANG_WARN_OBJC_ROOT_CLASS = YES_ERROR;
				CLANG_WARN_UNREACHABLE_CODE = YES;
				CLANG_WARN__DUPLICATE_METHOD_MATCH = YES;
				"CODE_SIGN_IDENTITY[sdk=iphoneos*]" = "iPhone Developer";
				COPY_PHASE_STRIP = YES;
				ENABLE_NS_ASSERTIONS = NO;
				ENABLE_STRICT_OBJC_MSGSEND = YES;
				GCC_C_LANGUAGE_STANDARD = gnu99;
				GCC_WARN_64_TO_32_BIT_CONVERSION = YES;
				GCC_WARN_ABOUT_RETURN_TYPE = YES_ERROR;
				GCC_WARN_UNDECLARED_SELECTOR = YES;
				GCC_WARN_UNINITIALIZED_AUTOS = YES_AGGRESSIVE;
				GCC_WARN_UNUSED_FUNCTION = YES;
				GCC_WARN_UNUSED_VARIABLE = YES;
				IPHONEOS_DEPLOYMENT_TARGET = 8.1;
				MTL_ENABLE_DEBUG_INFO = NO;
				SDKROOT = iphoneos;
				VALIDATE_PRODUCT = YES;
			};
			name = Release;
		};
		A9EC49871AC1C61400229EA7 /* Debug */ = {
			isa = XCBuildConfiguration;
			buildSettings = {
				ASSETCATALOG_COMPILER_APPICON_NAME = AppIcon;
				INFOPLIST_FILE = agroCentro/Info.plist;
				LD_RUNPATH_SEARCH_PATHS = "$(inherited) @executable_path/Frameworks";
				PRODUCT_NAME = "$(TARGET_NAME)";
			};
			name = Debug;
		};
		A9EC49881AC1C61400229EA7 /* Release */ = {
			isa = XCBuildConfiguration;
			buildSettings = {
				ASSETCATALOG_COMPILER_APPICON_NAME = AppIcon;
				INFOPLIST_FILE = agroCentro/Info.plist;
				LD_RUNPATH_SEARCH_PATHS = "$(inherited) @executable_path/Frameworks";
				PRODUCT_NAME = "$(TARGET_NAME)";
			};
			name = Release;
		};
		A9EC498A1AC1C61400229EA7 /* Debug */ = {
			isa = XCBuildConfiguration;
			buildSettings = {
				BUNDLE_LOADER = "$(TEST_HOST)";
				FRAMEWORK_SEARCH_PATHS = (
					"$(SDKROOT)/Developer/Library/Frameworks",
					"$(inherited)",
				);
				GCC_PREPROCESSOR_DEFINITIONS = (
					"DEBUG=1",
					"$(inherited)",
				);
				INFOPLIST_FILE = agroCentroTests/Info.plist;
				LD_RUNPATH_SEARCH_PATHS = "$(inherited) @executable_path/Frameworks @loader_path/Frameworks";
				PRODUCT_NAME = "$(TARGET_NAME)";
				TEST_HOST = "$(BUILT_PRODUCTS_DIR)/agroCentro.app/agroCentro";
			};
			name = Debug;
		};
		A9EC498B1AC1C61400229EA7 /* Release */ = {
			isa = XCBuildConfiguration;
			buildSettings = {
				BUNDLE_LOADER = "$(TEST_HOST)";
				FRAMEWORK_SEARCH_PATHS = (
					"$(SDKROOT)/Developer/Library/Frameworks",
					"$(inherited)",
				);
				INFOPLIST_FILE = agroCentroTests/Info.plist;
				LD_RUNPATH_SEARCH_PATHS = "$(inherited) @executable_path/Frameworks @loader_path/Frameworks";
				PRODUCT_NAME = "$(TARGET_NAME)";
				TEST_HOST = "$(BUILT_PRODUCTS_DIR)/agroCentro.app/agroCentro";
			};
			name = Release;
		};
/* End XCBuildConfiguration section */

/* Begin XCConfigurationList section */
		A9EC495B1AC1C61400229EA7 /* Build configuration list for PBXProject "agroCentro" */ = {
			isa = XCConfigurationList;
			buildConfigurations = (
				A9EC49841AC1C61400229EA7 /* Debug */,
				A9EC49851AC1C61400229EA7 /* Release */,
			);
			defaultConfigurationIsVisible = 0;
			defaultConfigurationName = Release;
		};
		A9EC49861AC1C61400229EA7 /* Build configuration list for PBXNativeTarget "agroCentro" */ = {
			isa = XCConfigurationList;
			buildConfigurations = (
				A9EC49871AC1C61400229EA7 /* Debug */,
				A9EC49881AC1C61400229EA7 /* Release */,
			);
			defaultConfigurationIsVisible = 0;
		};
		A9EC49891AC1C61400229EA7 /* Build configuration list for PBXNativeTarget "agroCentroTests" */ = {
			isa = XCConfigurationList;
			buildConfigurations = (
				A9EC498A1AC1C61400229EA7 /* Debug */,
				A9EC498B1AC1C61400229EA7 /* Release */,
			);
			defaultConfigurationIsVisible = 0;
		};
/* End XCConfigurationList section */

/* Begin XCVersionGroup section */
		A9EC496A1AC1C61400229EA7 /* agroCentro.xcdatamodeld */ = {
			isa = XCVersionGroup;
			children = (
				A9EC496B1AC1C61400229EA7 /* agroCentro.xcdatamodel */,
			);
			currentVersion = A9EC496B1AC1C61400229EA7 /* agroCentro.xcdatamodel */;
			path = agroCentro.xcdatamodeld;
			sourceTree = "<group>";
			versionGroupType = wrapper.xcdatamodel;
		};
/* End XCVersionGroup section */
	};
	rootObject = A9EC49581AC1C61400229EA7 /* Project object */;
}
